// !$*UTF8*$!
{
	archiveVersion = 1;
	classes = {
	};
	objectVersion = 46;
	objects = {

/* Begin PBXBuildFile section */
		250969B1152397AF00CA7A28 /* RSS.m in Sources */ = {isa = PBXBuildFile; fileRef = 250969A8152397AF00CA7A28 /* RSS.m */; };
		250969B2152397AF00CA7A28 /* RSSEntry.m in Sources */ = {isa = PBXBuildFile; fileRef = 250969AB152397AF00CA7A28 /* RSSEntry.m */; };
		250969B3152397AF00CA7A28 /* RSSFeed.m in Sources */ = {isa = PBXBuildFile; fileRef = 250969AD152397AF00CA7A28 /* RSSFeed.m */; };
		250969B4152397AF00CA7A28 /* RSSParser.m in Sources */ = {isa = PBXBuildFile; fileRef = 250969B0152397AF00CA7A28 /* RSSParser.m */; };
		250969B7152397E100CA7A28 /* Annotations.m in Sources */ = {isa = PBXBuildFile; fileRef = 250969B6152397E100CA7A28 /* Annotations.m */; };
		250969B91523981400CA7A28 /* Faculty.m in Sources */ = {isa = PBXBuildFile; fileRef = 250969B81523981400CA7A28 /* Faculty.m */; };
		250969BD1523985100CA7A28 /* Course.m in Sources */ = {isa = PBXBuildFile; fileRef = 250969BC1523985100CA7A28 /* Course.m */; };
		250969BF152398F300CA7A28 /* README.md in Resources */ = {isa = PBXBuildFile; fileRef = 250969BE152398F300CA7A28 /* README.md */; };
		250969D615239A3300CA7A28 /* CFNetwork.framework in Frameworks */ = {isa = PBXBuildFile; fileRef = 250969D515239A3300CA7A28 /* CFNetwork.framework */; };
		250969D815239A3900CA7A28 /* MapKit.framework in Frameworks */ = {isa = PBXBuildFile; fileRef = 250969D715239A3900CA7A28 /* MapKit.framework */; };
		250969DA15239A5000CA7A28 /* MobileCoreServices.framework in Frameworks */ = {isa = PBXBuildFile; fileRef = 250969D915239A5000CA7A28 /* MobileCoreServices.framework */; };
		250969DC15239A5800CA7A28 /* Security.framework in Frameworks */ = {isa = PBXBuildFile; fileRef = 250969DB15239A5800CA7A28 /* Security.framework */; };
		250969DE15239A6100CA7A28 /* SystemConfiguration.framework in Frameworks */ = {isa = PBXBuildFile; fileRef = 250969DD15239A6100CA7A28 /* SystemConfiguration.framework */; };
		250969E015239A6D00CA7A28 /* libxml2.dylib in Frameworks */ = {isa = PBXBuildFile; fileRef = 250969DF15239A6D00CA7A28 /* libxml2.dylib */; };
		250969E315239C3100CA7A28 /* School.m in Sources */ = {isa = PBXBuildFile; fileRef = 250969E215239C3100CA7A28 /* School.m */; };
		2515A686152427C900D39AD4 /* PullRefreshTableViewController.m in Sources */ = {isa = PBXBuildFile; fileRef = 2515A685152427C900D39AD4 /* PullRefreshTableViewController.m */; };
		2515A6881524280B00D39AD4 /* QuartzCore.framework in Frameworks */ = {isa = PBXBuildFile; fileRef = 2515A6871524280B00D39AD4 /* QuartzCore.framework */; };
		253DD5A51527CEDA0002940E /* arrow_circle.png in Resources */ = {isa = PBXBuildFile; fileRef = 253DD5A31527CED80002940E /* arrow_circle.png */; };
		253DD5A61527CEDA0002940E /* arrow_circle@2x.png in Resources */ = {isa = PBXBuildFile; fileRef = 253DD5A41527CED90002940E /* arrow_circle@2x.png */; };
		255F08DF152385AF00478183 /* UIKit.framework in Frameworks */ = {isa = PBXBuildFile; fileRef = 255F08DE152385AF00478183 /* UIKit.framework */; };
		255F08E1152385AF00478183 /* Foundation.framework in Frameworks */ = {isa = PBXBuildFile; fileRef = 255F08E0152385AF00478183 /* Foundation.framework */; };
		255F08E3152385AF00478183 /* CoreGraphics.framework in Frameworks */ = {isa = PBXBuildFile; fileRef = 255F08E2152385AF00478183 /* CoreGraphics.framework */; };
		255F08E5152385AF00478183 /* CoreData.framework in Frameworks */ = {isa = PBXBuildFile; fileRef = 255F08E4152385AF00478183 /* CoreData.framework */; };
		255F08EB152385AF00478183 /* InfoPlist.strings in Resources */ = {isa = PBXBuildFile; fileRef = 255F08E9152385AF00478183 /* InfoPlist.strings */; };
		255F08ED152385AF00478183 /* main.m in Sources */ = {isa = PBXBuildFile; fileRef = 255F08EC152385AF00478183 /* main.m */; };
		255F08F1152385AF00478183 /* regisAppDelegate.m in Sources */ = {isa = PBXBuildFile; fileRef = 255F08F0152385AF00478183 /* regisAppDelegate.m */; };
		255F08F4152385AF00478183 /* Regis.xcdatamodeld in Sources */ = {isa = PBXBuildFile; fileRef = 255F08F2152385AF00478183 /* Regis.xcdatamodeld */; };
		25834ADA152392E200B2331C /* address_book.png in Resources */ = {isa = PBXBuildFile; fileRef = 25834AB8152392E200B2331C /* address_book.png */; };
		25834ADB152392E200B2331C /* arrow.png in Resources */ = {isa = PBXBuildFile; fileRef = 25834AB9152392E200B2331C /* arrow.png */; };
		25834ADC152392E200B2331C /* arrow@2x.png in Resources */ = {isa = PBXBuildFile; fileRef = 25834ABA152392E200B2331C /* arrow@2x.png */; };
		25834ADD152392E200B2331C /* arrow_back.png in Resources */ = {isa = PBXBuildFile; fileRef = 25834ABB152392E200B2331C /* arrow_back.png */; };
		25834ADE152392E200B2331C /* arrow_back@2x.png in Resources */ = {isa = PBXBuildFile; fileRef = 25834ABC152392E200B2331C /* arrow_back@2x.png */; };
		25834ADF152392E200B2331C /* arrow_forward.png in Resources */ = {isa = PBXBuildFile; fileRef = 25834ABD152392E200B2331C /* arrow_forward.png */; };
		25834AE0152392E200B2331C /* arrow_forward@2x.png in Resources */ = {isa = PBXBuildFile; fileRef = 25834ABE152392E200B2331C /* arrow_forward@2x.png */; };
		25834AE1152392E200B2331C /* arrow_left_48.png in Resources */ = {isa = PBXBuildFile; fileRef = 25834ABF152392E200B2331C /* arrow_left_48.png */; };
		25834AE2152392E200B2331C /* course.png in Resources */ = {isa = PBXBuildFile; fileRef = 25834AC0152392E200B2331C /* course.png */; };
		25834AE3152392E200B2331C /* Default.png in Resources */ = {isa = PBXBuildFile; fileRef = 25834AC1152392E200B2331C /* Default.png */; };
		25834AE4152392E200B2331C /* Default@2x.png in Resources */ = {isa = PBXBuildFile; fileRef = 25834AC2152392E200B2331C /* Default@2x.png */; };
		25834AE5152392E200B2331C /* facebook.png in Resources */ = {isa = PBXBuildFile; fileRef = 25834AC3152392E200B2331C /* facebook.png */; };
		25834AE6152392E200B2331C /* folder.png in Resources */ = {isa = PBXBuildFile; fileRef = 25834AC4152392E200B2331C /* folder.png */; };
		25834AE7152392E200B2331C /* folder@2x.png in Resources */ = {isa = PBXBuildFile; fileRef = 25834AC5152392E200B2331C /* folder@2x.png */; };
		25834AE8152392E200B2331C /* globe.png in Resources */ = {isa = PBXBuildFile; fileRef = 25834AC6152392E200B2331C /* globe.png */; };
		25834AE9152392E200B2331C /* globe@2x.png in Resources */ = {isa = PBXBuildFile; fileRef = 25834AC7152392E200B2331C /* globe@2x.png */; };
		25834AEA152392E200B2331C /* home.png in Resources */ = {isa = PBXBuildFile; fileRef = 25834AC8152392E200B2331C /* home.png */; };
		25834AEB152392E200B2331C /* home@2x.png in Resources */ = {isa = PBXBuildFile; fileRef = 25834AC9152392E200B2331C /* home@2x.png */; };
		25834AEC152392E200B2331C /* laptop.png in Resources */ = {isa = PBXBuildFile; fileRef = 25834ACA152392E200B2331C /* laptop.png */; };
		25834AED152392E200B2331C /* laptop@2x.png in Resources */ = {isa = PBXBuildFile; fileRef = 25834ACB152392E200B2331C /* laptop@2x.png */; };
		25834AEE152392E200B2331C /* man.png in Resources */ = {isa = PBXBuildFile; fileRef = 25834ACC152392E200B2331C /* man.png */; };
		25834AEF152392E200B2331C /* man@2x.png in Resources */ = {isa = PBXBuildFile; fileRef = 25834ACD152392E200B2331C /* man@2x.png */; };
		25834AF0152392E200B2331C /* map.png in Resources */ = {isa = PBXBuildFile; fileRef = 25834ACE152392E200B2331C /* map.png */; };
		25834AF1152392E200B2331C /* news.png in Resources */ = {isa = PBXBuildFile; fileRef = 25834ACF152392E200B2331C /* news.png */; };
		25834AF2152392E200B2331C /* regis_ipad.png in Resources */ = {isa = PBXBuildFile; fileRef = 25834AD0152392E200B2331C /* regis_ipad.png */; };
		25834AF3152392E200B2331C /* regis_iphone_high.png in Resources */ = {isa = PBXBuildFile; fileRef = 25834AD1152392E200B2331C /* regis_iphone_high.png */; };
		25834AF4152392E200B2331C /* regis_iphone_low.png in Resources */ = {isa = PBXBuildFile; fileRef = 25834AD2152392E200B2331C /* regis_iphone_low.png */; };
		25834AF5152392E200B2331C /* rest_test.png in Resources */ = {isa = PBXBuildFile; fileRef = 25834AD3152392E200B2331C /* rest_test.png */; };
		25834AF6152392E200B2331C /* rss.png in Resources */ = {isa = PBXBuildFile; fileRef = 25834AD4152392E200B2331C /* rss.png */; };
		25834AF7152392E200B2331C /* rss@2x.png in Resources */ = {isa = PBXBuildFile; fileRef = 25834AD5152392E200B2331C /* rss@2x.png */; };
		25834AF8152392E200B2331C /* seal.png in Resources */ = {isa = PBXBuildFile; fileRef = 25834AD6152392E200B2331C /* seal.png */; };
		25834AF9152392E200B2331C /* seal@2x.png in Resources */ = {isa = PBXBuildFile; fileRef = 25834AD7152392E200B2331C /* seal@2x.png */; };
		25834AFA152392E200B2331C /* twitter.png in Resources */ = {isa = PBXBuildFile; fileRef = 25834AD8152392E200B2331C /* twitter.png */; };
		25834AFB152392E200B2331C /* youtube.png in Resources */ = {isa = PBXBuildFile; fileRef = 25834AD9152392E200B2331C /* youtube.png */; };
		25834B271523949B00B2331C /* DetailedFacultyViewController.m in Sources */ = {isa = PBXBuildFile; fileRef = 25834AFF1523949B00B2331C /* DetailedFacultyViewController.m */; };
		25834B281523949B00B2331C /* FacultyViewController.m in Sources */ = {isa = PBXBuildFile; fileRef = 25834B021523949B00B2331C /* FacultyViewController.m */; };
		25834B291523949B00B2331C /* CoursesViewController.m in Sources */ = {isa = PBXBuildFile; fileRef = 25834B051523949B00B2331C /* CoursesViewController.m */; };
		25834B2A1523949B00B2331C /* DegreesViewController.m in Sources */ = {isa = PBXBuildFile; fileRef = 25834B071523949B00B2331C /* DegreesViewController.m */; };
		25834B2B1523949B00B2331C /* DetailViewController.m in Sources */ = {isa = PBXBuildFile; fileRef = 25834B091523949B00B2331C /* DetailViewController.m */; };
		25834B2C1523949B00B2331C /* ProgramViewController.m in Sources */ = {isa = PBXBuildFile; fileRef = 25834B0B1523949B00B2331C /* ProgramViewController.m */; };
		25834B2D1523949B00B2331C /* SchoolViewController.m in Sources */ = {isa = PBXBuildFile; fileRef = 25834B0D1523949B00B2331C /* SchoolViewController.m */; };
		25834B2E1523949B00B2331C /* TermsViewController.m in Sources */ = {isa = PBXBuildFile; fileRef = 25834B0F1523949B00B2331C /* TermsViewController.m */; };
		25834B2F1523949B00B2331C /* FacebookViewController.m in Sources */ = {isa = PBXBuildFile; fileRef = 25834B121523949B00B2331C /* FacebookViewController.m */; };
		25834B301523949B00B2331C /* HomeViewController.m in Sources */ = {isa = PBXBuildFile; fileRef = 25834B151523949B00B2331C /* HomeViewController.m */; };
		25834B311523949B00B2331C /* InfoViewController.m in Sources */ = {isa = PBXBuildFile; fileRef = 25834B181523949B00B2331C /* InfoViewController.m */; };
		25834B321523949B00B2331C /* MapViewController.m in Sources */ = {isa = PBXBuildFile; fileRef = 25834B1B1523949B00B2331C /* MapViewController.m */; };
		25834B331523949B00B2331C /* NewsDetailViewController.m in Sources */ = {isa = PBXBuildFile; fileRef = 25834B1E1523949B00B2331C /* NewsDetailViewController.m */; };
		25834B341523949B00B2331C /* NewsViewController.m in Sources */ = {isa = PBXBuildFile; fileRef = 25834B201523949B00B2331C /* NewsViewController.m */; };
		25834B351523949B00B2331C /* TwitterViewController.m in Sources */ = {isa = PBXBuildFile; fileRef = 25834B231523949B00B2331C /* TwitterViewController.m */; };
		25834B361523949B00B2331C /* YouTubeViewController.m in Sources */ = {isa = PBXBuildFile; fileRef = 25834B261523949B00B2331C /* YouTubeViewController.m */; };
		25834B38152394FA00B2331C /* MainStoryboard.storyboard in Resources */ = {isa = PBXBuildFile; fileRef = 25834B37152394FA00B2331C /* MainStoryboard.storyboard */; };
		259124F41527D6710059F60A /* Twitter.framework in Frameworks */ = {isa = PBXBuildFile; fileRef = 259124F31527D6710059F60A /* Twitter.framework */; };
		25ED6A401523A1FF0000C755 /* libRestKit.a in Frameworks */ = {isa = PBXBuildFile; fileRef = 250969CB1523990F00CA7A28 /* libRestKit.a */; };
/* End PBXBuildFile section */

/* Begin PBXContainerItemProxy section */
		250969CA1523990F00CA7A28 /* PBXContainerItemProxy */ = {
			isa = PBXContainerItemProxy;
			containerPortal = 250969C01523990F00CA7A28 /* RestKit.xcodeproj */;
			proxyType = 2;
			remoteGlobalIDString = 25160D1614564E810060A5C5;
			remoteInfo = RestKit;
		};
		250969CC1523990F00CA7A28 /* PBXContainerItemProxy */ = {
			isa = PBXContainerItemProxy;
			containerPortal = 250969C01523990F00CA7A28 /* RestKit.xcodeproj */;
			proxyType = 2;
			remoteGlobalIDString = 25160D2614564E820060A5C5;
			remoteInfo = RestKitTests;
		};
		250969CE1523990F00CA7A28 /* PBXContainerItemProxy */ = {
			isa = PBXContainerItemProxy;
			containerPortal = 250969C01523990F00CA7A28 /* RestKit.xcodeproj */;
			proxyType = 2;
			remoteGlobalIDString = 25160E62145651060060A5C5;
			remoteInfo = RestKitFramework;
		};
		250969D01523990F00CA7A28 /* PBXContainerItemProxy */ = {
			isa = PBXContainerItemProxy;
			containerPortal = 250969C01523990F00CA7A28 /* RestKit.xcodeproj */;
			proxyType = 2;
			remoteGlobalIDString = 25160E78145651060060A5C5;
			remoteInfo = RestKitFrameworkTests;
		};
		25ED6A3D1523A0B90000C755 /* PBXContainerItemProxy */ = {
			isa = PBXContainerItemProxy;
			containerPortal = 250969C01523990F00CA7A28 /* RestKit.xcodeproj */;
			proxyType = 1;
			remoteGlobalIDString = 25160D1514564E810060A5C5;
			remoteInfo = RestKit;
		};
/* End PBXContainerItemProxy section */

/* Begin PBXFileReference section */
		250969A7152397AF00CA7A28 /* RSS.h */ = {isa = PBXFileReference; fileEncoding = 4; lastKnownFileType = sourcecode.c.h; path = RSS.h; sourceTree = "<group>"; };
		250969A8152397AF00CA7A28 /* RSS.m */ = {isa = PBXFileReference; fileEncoding = 4; lastKnownFileType = sourcecode.c.objc; path = RSS.m; sourceTree = "<group>"; };
		250969A9152397AF00CA7A28 /* RSSDefines.h */ = {isa = PBXFileReference; fileEncoding = 4; lastKnownFileType = sourcecode.c.h; path = RSSDefines.h; sourceTree = "<group>"; };
		250969AA152397AF00CA7A28 /* RSSEntry.h */ = {isa = PBXFileReference; fileEncoding = 4; lastKnownFileType = sourcecode.c.h; path = RSSEntry.h; sourceTree = "<group>"; };
		250969AB152397AF00CA7A28 /* RSSEntry.m */ = {isa = PBXFileReference; fileEncoding = 4; lastKnownFileType = sourcecode.c.objc; path = RSSEntry.m; sourceTree = "<group>"; };
		250969AC152397AF00CA7A28 /* RSSFeed.h */ = {isa = PBXFileReference; fileEncoding = 4; lastKnownFileType = sourcecode.c.h; path = RSSFeed.h; sourceTree = "<group>"; };
		250969AD152397AF00CA7A28 /* RSSFeed.m */ = {isa = PBXFileReference; fileEncoding = 4; lastKnownFileType = sourcecode.c.objc; path = RSSFeed.m; sourceTree = "<group>"; };
		250969AE152397AF00CA7A28 /* RSSKit.h */ = {isa = PBXFileReference; fileEncoding = 4; lastKnownFileType = sourcecode.c.h; path = RSSKit.h; sourceTree = "<group>"; };
		250969AF152397AF00CA7A28 /* RSSParser.h */ = {isa = PBXFileReference; fileEncoding = 4; lastKnownFileType = sourcecode.c.h; path = RSSParser.h; sourceTree = "<group>"; };
		250969B0152397AF00CA7A28 /* RSSParser.m */ = {isa = PBXFileReference; fileEncoding = 4; lastKnownFileType = sourcecode.c.objc; path = RSSParser.m; sourceTree = "<group>"; };
		250969B5152397E100CA7A28 /* Annotations.h */ = {isa = PBXFileReference; fileEncoding = 4; lastKnownFileType = sourcecode.c.h; path = Annotations.h; sourceTree = "<group>"; };
		250969B6152397E100CA7A28 /* Annotations.m */ = {isa = PBXFileReference; fileEncoding = 4; lastKnownFileType = sourcecode.c.objc; path = Annotations.m; sourceTree = "<group>"; };
		250969B81523981400CA7A28 /* Faculty.m */ = {isa = PBXFileReference; fileEncoding = 4; lastKnownFileType = sourcecode.c.objc; path = Faculty.m; sourceTree = "<group>"; };
		250969BA1523983100CA7A28 /* RegisApplication.h */ = {isa = PBXFileReference; fileEncoding = 4; lastKnownFileType = sourcecode.c.h; path = RegisApplication.h; sourceTree = "<group>"; };
		250969BB1523985100CA7A28 /* Course.h */ = {isa = PBXFileReference; fileEncoding = 4; lastKnownFileType = sourcecode.c.h; path = Course.h; sourceTree = "<group>"; };
		250969BC1523985100CA7A28 /* Course.m */ = {isa = PBXFileReference; fileEncoding = 4; lastKnownFileType = sourcecode.c.objc; path = Course.m; sourceTree = "<group>"; };
		250969BE152398F300CA7A28 /* README.md */ = {isa = PBXFileReference; fileEncoding = 4; lastKnownFileType = text; path = README.md; sourceTree = "<group>"; };
		250969C01523990F00CA7A28 /* RestKit.xcodeproj */ = {isa = PBXFileReference; lastKnownFileType = "wrapper.pb-project"; name = RestKit.xcodeproj; path = RestKit/RestKit.xcodeproj; sourceTree = "<group>"; };
		250969D515239A3300CA7A28 /* CFNetwork.framework */ = {isa = PBXFileReference; lastKnownFileType = wrapper.framework; name = CFNetwork.framework; path = System/Library/Frameworks/CFNetwork.framework; sourceTree = SDKROOT; };
		250969D715239A3900CA7A28 /* MapKit.framework */ = {isa = PBXFileReference; lastKnownFileType = wrapper.framework; name = MapKit.framework; path = System/Library/Frameworks/MapKit.framework; sourceTree = SDKROOT; };
		250969D915239A5000CA7A28 /* MobileCoreServices.framework */ = {isa = PBXFileReference; lastKnownFileType = wrapper.framework; name = MobileCoreServices.framework; path = System/Library/Frameworks/MobileCoreServices.framework; sourceTree = SDKROOT; };
		250969DB15239A5800CA7A28 /* Security.framework */ = {isa = PBXFileReference; lastKnownFileType = wrapper.framework; name = Security.framework; path = System/Library/Frameworks/Security.framework; sourceTree = SDKROOT; };
		250969DD15239A6100CA7A28 /* SystemConfiguration.framework */ = {isa = PBXFileReference; lastKnownFileType = wrapper.framework; name = SystemConfiguration.framework; path = System/Library/Frameworks/SystemConfiguration.framework; sourceTree = SDKROOT; };
		250969DF15239A6D00CA7A28 /* libxml2.dylib */ = {isa = PBXFileReference; lastKnownFileType = "compiled.mach-o.dylib"; name = libxml2.dylib; path = usr/lib/libxml2.dylib; sourceTree = SDKROOT; };
		250969E115239C3100CA7A28 /* School.h */ = {isa = PBXFileReference; fileEncoding = 4; lastKnownFileType = sourcecode.c.h; path = School.h; sourceTree = "<group>"; };
		250969E215239C3100CA7A28 /* School.m */ = {isa = PBXFileReference; fileEncoding = 4; lastKnownFileType = sourcecode.c.objc; path = School.m; sourceTree = "<group>"; };
		2515A684152427C900D39AD4 /* PullRefreshTableViewController.h */ = {isa = PBXFileReference; fileEncoding = 4; lastKnownFileType = sourcecode.c.h; path = PullRefreshTableViewController.h; sourceTree = "<group>"; };
		2515A685152427C900D39AD4 /* PullRefreshTableViewController.m */ = {isa = PBXFileReference; fileEncoding = 4; lastKnownFileType = sourcecode.c.objc; path = PullRefreshTableViewController.m; sourceTree = "<group>"; };
		2515A6871524280B00D39AD4 /* QuartzCore.framework */ = {isa = PBXFileReference; lastKnownFileType = wrapper.framework; name = QuartzCore.framework; path = System/Library/Frameworks/QuartzCore.framework; sourceTree = SDKROOT; };
		253DD5A31527CED80002940E /* arrow_circle.png */ = {isa = PBXFileReference; lastKnownFileType = image.png; path = arrow_circle.png; sourceTree = "<group>"; };
		253DD5A41527CED90002940E /* arrow_circle@2x.png */ = {isa = PBXFileReference; lastKnownFileType = image.png; path = "arrow_circle@2x.png"; sourceTree = "<group>"; };
		255F08DA152385AF00478183 /* Regis.app */ = {isa = PBXFileReference; explicitFileType = wrapper.application; includeInIndex = 0; path = Regis.app; sourceTree = BUILT_PRODUCTS_DIR; };
		255F08DE152385AF00478183 /* UIKit.framework */ = {isa = PBXFileReference; lastKnownFileType = wrapper.framework; name = UIKit.framework; path = System/Library/Frameworks/UIKit.framework; sourceTree = SDKROOT; };
		255F08E0152385AF00478183 /* Foundation.framework */ = {isa = PBXFileReference; lastKnownFileType = wrapper.framework; name = Foundation.framework; path = System/Library/Frameworks/Foundation.framework; sourceTree = SDKROOT; };
		255F08E2152385AF00478183 /* CoreGraphics.framework */ = {isa = PBXFileReference; lastKnownFileType = wrapper.framework; name = CoreGraphics.framework; path = System/Library/Frameworks/CoreGraphics.framework; sourceTree = SDKROOT; };
		255F08E4152385AF00478183 /* CoreData.framework */ = {isa = PBXFileReference; lastKnownFileType = wrapper.framework; name = CoreData.framework; path = System/Library/Frameworks/CoreData.framework; sourceTree = SDKROOT; };
		255F08E8152385AF00478183 /* Regis-Info.plist */ = {isa = PBXFileReference; lastKnownFileType = text.plist.xml; path = "Regis-Info.plist"; sourceTree = "<group>"; };
		255F08EA152385AF00478183 /* en */ = {isa = PBXFileReference; lastKnownFileType = text.plist.strings; name = en; path = en.lproj/InfoPlist.strings; sourceTree = "<group>"; };
		255F08EC152385AF00478183 /* main.m */ = {isa = PBXFileReference; lastKnownFileType = sourcecode.c.objc; path = main.m; sourceTree = "<group>"; };
		255F08EE152385AF00478183 /* Regis-Prefix.pch */ = {isa = PBXFileReference; lastKnownFileType = sourcecode.c.h; path = "Regis-Prefix.pch"; sourceTree = "<group>"; };
		255F08EF152385AF00478183 /* regisAppDelegate.h */ = {isa = PBXFileReference; lastKnownFileType = sourcecode.c.h; path = regisAppDelegate.h; sourceTree = "<group>"; };
		255F08F0152385AF00478183 /* regisAppDelegate.m */ = {isa = PBXFileReference; lastKnownFileType = sourcecode.c.objc; path = regisAppDelegate.m; sourceTree = "<group>"; };
		255F08F3152385AF00478183 /* Regis.xcdatamodel */ = {isa = PBXFileReference; lastKnownFileType = wrapper.xcdatamodel; path = Regis.xcdatamodel; sourceTree = "<group>"; };
		25834AB8152392E200B2331C /* address_book.png */ = {isa = PBXFileReference; lastKnownFileType = image.png; path = address_book.png; sourceTree = "<group>"; };
		25834AB9152392E200B2331C /* arrow.png */ = {isa = PBXFileReference; lastKnownFileType = image.png; path = arrow.png; sourceTree = "<group>"; };
		25834ABA152392E200B2331C /* arrow@2x.png */ = {isa = PBXFileReference; lastKnownFileType = image.png; path = "arrow@2x.png"; sourceTree = "<group>"; };
		25834ABB152392E200B2331C /* arrow_back.png */ = {isa = PBXFileReference; lastKnownFileType = image.png; path = arrow_back.png; sourceTree = "<group>"; };
		25834ABC152392E200B2331C /* arrow_back@2x.png */ = {isa = PBXFileReference; lastKnownFileType = image.png; path = "arrow_back@2x.png"; sourceTree = "<group>"; };
		25834ABD152392E200B2331C /* arrow_forward.png */ = {isa = PBXFileReference; lastKnownFileType = image.png; path = arrow_forward.png; sourceTree = "<group>"; };
		25834ABE152392E200B2331C /* arrow_forward@2x.png */ = {isa = PBXFileReference; lastKnownFileType = image.png; path = "arrow_forward@2x.png"; sourceTree = "<group>"; };
		25834ABF152392E200B2331C /* arrow_left_48.png */ = {isa = PBXFileReference; lastKnownFileType = image.png; path = arrow_left_48.png; sourceTree = "<group>"; };
		25834AC0152392E200B2331C /* course.png */ = {isa = PBXFileReference; lastKnownFileType = image.png; path = course.png; sourceTree = "<group>"; };
		25834AC1152392E200B2331C /* Default.png */ = {isa = PBXFileReference; lastKnownFileType = image.png; path = Default.png; sourceTree = "<group>"; };
		25834AC2152392E200B2331C /* Default@2x.png */ = {isa = PBXFileReference; lastKnownFileType = image.png; path = "Default@2x.png"; sourceTree = "<group>"; };
		25834AC3152392E200B2331C /* facebook.png */ = {isa = PBXFileReference; lastKnownFileType = image.png; path = facebook.png; sourceTree = "<group>"; };
		25834AC4152392E200B2331C /* folder.png */ = {isa = PBXFileReference; lastKnownFileType = image.png; path = folder.png; sourceTree = "<group>"; };
		25834AC5152392E200B2331C /* folder@2x.png */ = {isa = PBXFileReference; lastKnownFileType = image.png; path = "folder@2x.png"; sourceTree = "<group>"; };
		25834AC6152392E200B2331C /* globe.png */ = {isa = PBXFileReference; lastKnownFileType = image.png; path = globe.png; sourceTree = "<group>"; };
		25834AC7152392E200B2331C /* globe@2x.png */ = {isa = PBXFileReference; lastKnownFileType = image.png; path = "globe@2x.png"; sourceTree = "<group>"; };
		25834AC8152392E200B2331C /* home.png */ = {isa = PBXFileReference; lastKnownFileType = image.png; path = home.png; sourceTree = "<group>"; };
		25834AC9152392E200B2331C /* home@2x.png */ = {isa = PBXFileReference; lastKnownFileType = image.png; path = "home@2x.png"; sourceTree = "<group>"; };
		25834ACA152392E200B2331C /* laptop.png */ = {isa = PBXFileReference; lastKnownFileType = image.png; path = laptop.png; sourceTree = "<group>"; };
		25834ACB152392E200B2331C /* laptop@2x.png */ = {isa = PBXFileReference; lastKnownFileType = image.png; path = "laptop@2x.png"; sourceTree = "<group>"; };
		25834ACC152392E200B2331C /* man.png */ = {isa = PBXFileReference; lastKnownFileType = image.png; path = man.png; sourceTree = "<group>"; };
		25834ACD152392E200B2331C /* man@2x.png */ = {isa = PBXFileReference; lastKnownFileType = image.png; path = "man@2x.png"; sourceTree = "<group>"; };
		25834ACE152392E200B2331C /* map.png */ = {isa = PBXFileReference; lastKnownFileType = image.png; path = map.png; sourceTree = "<group>"; };
		25834ACF152392E200B2331C /* news.png */ = {isa = PBXFileReference; lastKnownFileType = image.png; path = news.png; sourceTree = "<group>"; };
		25834AD0152392E200B2331C /* regis_ipad.png */ = {isa = PBXFileReference; lastKnownFileType = image.png; path = regis_ipad.png; sourceTree = "<group>"; };
		25834AD1152392E200B2331C /* regis_iphone_high.png */ = {isa = PBXFileReference; lastKnownFileType = image.png; path = regis_iphone_high.png; sourceTree = "<group>"; };
		25834AD2152392E200B2331C /* regis_iphone_low.png */ = {isa = PBXFileReference; lastKnownFileType = image.png; path = regis_iphone_low.png; sourceTree = "<group>"; };
		25834AD3152392E200B2331C /* rest_test.png */ = {isa = PBXFileReference; lastKnownFileType = image.png; path = rest_test.png; sourceTree = "<group>"; };
		25834AD4152392E200B2331C /* rss.png */ = {isa = PBXFileReference; lastKnownFileType = image.png; path = rss.png; sourceTree = "<group>"; };
		25834AD5152392E200B2331C /* rss@2x.png */ = {isa = PBXFileReference; lastKnownFileType = image.png; path = "rss@2x.png"; sourceTree = "<group>"; };
		25834AD6152392E200B2331C /* seal.png */ = {isa = PBXFileReference; lastKnownFileType = image.png; path = seal.png; sourceTree = "<group>"; };
		25834AD7152392E200B2331C /* seal@2x.png */ = {isa = PBXFileReference; lastKnownFileType = image.png; path = "seal@2x.png"; sourceTree = "<group>"; };
		25834AD8152392E200B2331C /* twitter.png */ = {isa = PBXFileReference; lastKnownFileType = image.png; path = twitter.png; sourceTree = "<group>"; };
		25834AD9152392E200B2331C /* youtube.png */ = {isa = PBXFileReference; lastKnownFileType = image.png; path = youtube.png; sourceTree = "<group>"; };
		25834AFE1523949B00B2331C /* DetailedFacultyViewController.h */ = {isa = PBXFileReference; fileEncoding = 4; lastKnownFileType = sourcecode.c.h; path = DetailedFacultyViewController.h; sourceTree = "<group>"; };
		25834AFF1523949B00B2331C /* DetailedFacultyViewController.m */ = {isa = PBXFileReference; fileEncoding = 4; lastKnownFileType = sourcecode.c.objc; path = DetailedFacultyViewController.m; sourceTree = "<group>"; };
		25834B001523949B00B2331C /* Faculty.h */ = {isa = PBXFileReference; fileEncoding = 4; lastKnownFileType = sourcecode.c.h; path = Faculty.h; sourceTree = "<group>"; };
		25834B011523949B00B2331C /* FacultyViewController.h */ = {isa = PBXFileReference; fileEncoding = 4; lastKnownFileType = sourcecode.c.h; path = FacultyViewController.h; sourceTree = "<group>"; };
		25834B021523949B00B2331C /* FacultyViewController.m */ = {isa = PBXFileReference; fileEncoding = 4; lastKnownFileType = sourcecode.c.objc; path = FacultyViewController.m; sourceTree = "<group>"; };
		25834B041523949B00B2331C /* CoursesViewController.h */ = {isa = PBXFileReference; fileEncoding = 4; lastKnownFileType = sourcecode.c.h; path = CoursesViewController.h; sourceTree = "<group>"; };
		25834B051523949B00B2331C /* CoursesViewController.m */ = {isa = PBXFileReference; fileEncoding = 4; lastKnownFileType = sourcecode.c.objc; path = CoursesViewController.m; sourceTree = "<group>"; };
		25834B061523949B00B2331C /* DegreesViewController.h */ = {isa = PBXFileReference; fileEncoding = 4; lastKnownFileType = sourcecode.c.h; path = DegreesViewController.h; sourceTree = "<group>"; };
		25834B071523949B00B2331C /* DegreesViewController.m */ = {isa = PBXFileReference; fileEncoding = 4; lastKnownFileType = sourcecode.c.objc; path = DegreesViewController.m; sourceTree = "<group>"; };
		25834B081523949B00B2331C /* DetailViewController.h */ = {isa = PBXFileReference; fileEncoding = 4; lastKnownFileType = sourcecode.c.h; path = DetailViewController.h; sourceTree = "<group>"; };
		25834B091523949B00B2331C /* DetailViewController.m */ = {isa = PBXFileReference; fileEncoding = 4; lastKnownFileType = sourcecode.c.objc; path = DetailViewController.m; sourceTree = "<group>"; };
		25834B0A1523949B00B2331C /* ProgramViewController.h */ = {isa = PBXFileReference; fileEncoding = 4; lastKnownFileType = sourcecode.c.h; path = ProgramViewController.h; sourceTree = "<group>"; };
		25834B0B1523949B00B2331C /* ProgramViewController.m */ = {isa = PBXFileReference; fileEncoding = 4; lastKnownFileType = sourcecode.c.objc; path = ProgramViewController.m; sourceTree = "<group>"; };
		25834B0C1523949B00B2331C /* SchoolViewController.h */ = {isa = PBXFileReference; fileEncoding = 4; lastKnownFileType = sourcecode.c.h; path = SchoolViewController.h; sourceTree = "<group>"; };
		25834B0D1523949B00B2331C /* SchoolViewController.m */ = {isa = PBXFileReference; fileEncoding = 4; lastKnownFileType = sourcecode.c.objc; path = SchoolViewController.m; sourceTree = "<group>"; };
		25834B0E1523949B00B2331C /* TermsViewController.h */ = {isa = PBXFileReference; fileEncoding = 4; lastKnownFileType = sourcecode.c.h; path = TermsViewController.h; sourceTree = "<group>"; };
		25834B0F1523949B00B2331C /* TermsViewController.m */ = {isa = PBXFileReference; fileEncoding = 4; lastKnownFileType = sourcecode.c.objc; path = TermsViewController.m; sourceTree = "<group>"; };
		25834B111523949B00B2331C /* FacebookViewController.h */ = {isa = PBXFileReference; fileEncoding = 4; lastKnownFileType = sourcecode.c.h; path = FacebookViewController.h; sourceTree = "<group>"; };
		25834B121523949B00B2331C /* FacebookViewController.m */ = {isa = PBXFileReference; fileEncoding = 4; lastKnownFileType = sourcecode.c.objc; path = FacebookViewController.m; sourceTree = "<group>"; };
		25834B141523949B00B2331C /* HomeViewController.h */ = {isa = PBXFileReference; fileEncoding = 4; lastKnownFileType = sourcecode.c.h; path = HomeViewController.h; sourceTree = "<group>"; };
		25834B151523949B00B2331C /* HomeViewController.m */ = {isa = PBXFileReference; fileEncoding = 4; lastKnownFileType = sourcecode.c.objc; path = HomeViewController.m; sourceTree = "<group>"; };
		25834B171523949B00B2331C /* InfoViewController.h */ = {isa = PBXFileReference; fileEncoding = 4; lastKnownFileType = sourcecode.c.h; path = InfoViewController.h; sourceTree = "<group>"; };
		25834B181523949B00B2331C /* InfoViewController.m */ = {isa = PBXFileReference; fileEncoding = 4; lastKnownFileType = sourcecode.c.objc; path = InfoViewController.m; sourceTree = "<group>"; };
		25834B1A1523949B00B2331C /* MapViewController.h */ = {isa = PBXFileReference; fileEncoding = 4; lastKnownFileType = sourcecode.c.h; path = MapViewController.h; sourceTree = "<group>"; };
		25834B1B1523949B00B2331C /* MapViewController.m */ = {isa = PBXFileReference; fileEncoding = 4; lastKnownFileType = sourcecode.c.objc; path = MapViewController.m; sourceTree = "<group>"; };
		25834B1D1523949B00B2331C /* NewsDetailViewController.h */ = {isa = PBXFileReference; fileEncoding = 4; lastKnownFileType = sourcecode.c.h; path = NewsDetailViewController.h; sourceTree = "<group>"; };
		25834B1E1523949B00B2331C /* NewsDetailViewController.m */ = {isa = PBXFileReference; fileEncoding = 4; lastKnownFileType = sourcecode.c.objc; path = NewsDetailViewController.m; sourceTree = "<group>"; };
		25834B1F1523949B00B2331C /* NewsViewController.h */ = {isa = PBXFileReference; fileEncoding = 4; lastKnownFileType = sourcecode.c.h; path = NewsViewController.h; sourceTree = "<group>"; };
		25834B201523949B00B2331C /* NewsViewController.m */ = {isa = PBXFileReference; fileEncoding = 4; lastKnownFileType = sourcecode.c.objc; path = NewsViewController.m; sourceTree = "<group>"; };
		25834B221523949B00B2331C /* TwitterViewController.h */ = {isa = PBXFileReference; fileEncoding = 4; lastKnownFileType = sourcecode.c.h; path = TwitterViewController.h; sourceTree = "<group>"; };
		25834B231523949B00B2331C /* TwitterViewController.m */ = {isa = PBXFileReference; fileEncoding = 4; lastKnownFileType = sourcecode.c.objc; path = TwitterViewController.m; sourceTree = "<group>"; };
		25834B251523949B00B2331C /* YouTubeViewController.h */ = {isa = PBXFileReference; fileEncoding = 4; lastKnownFileType = sourcecode.c.h; path = YouTubeViewController.h; sourceTree = "<group>"; };
		25834B261523949B00B2331C /* YouTubeViewController.m */ = {isa = PBXFileReference; fileEncoding = 4; lastKnownFileType = sourcecode.c.objc; path = YouTubeViewController.m; sourceTree = "<group>"; };
		25834B37152394FA00B2331C /* MainStoryboard.storyboard */ = {isa = PBXFileReference; fileEncoding = 4; lastKnownFileType = file.storyboard; name = MainStoryboard.storyboard; path = ../MainStoryboard.storyboard; sourceTree = "<group>"; };
		259124F31527D6710059F60A /* Twitter.framework */ = {isa = PBXFileReference; lastKnownFileType = wrapper.framework; name = Twitter.framework; path = System/Library/Frameworks/Twitter.framework; sourceTree = SDKROOT; };
/* End PBXFileReference section */

/* Begin PBXFrameworksBuildPhase section */
		255F08D7152385AF00478183 /* Frameworks */ = {
			isa = PBXFrameworksBuildPhase;
			buildActionMask = 2147483647;
			files = (
				259124F41527D6710059F60A /* Twitter.framework in Frameworks */,
				2515A6881524280B00D39AD4 /* QuartzCore.framework in Frameworks */,
				25ED6A401523A1FF0000C755 /* libRestKit.a in Frameworks */,
				250969E015239A6D00CA7A28 /* libxml2.dylib in Frameworks */,
				250969DE15239A6100CA7A28 /* SystemConfiguration.framework in Frameworks */,
				250969DC15239A5800CA7A28 /* Security.framework in Frameworks */,
				250969DA15239A5000CA7A28 /* MobileCoreServices.framework in Frameworks */,
				250969D815239A3900CA7A28 /* MapKit.framework in Frameworks */,
				250969D615239A3300CA7A28 /* CFNetwork.framework in Frameworks */,
				255F08DF152385AF00478183 /* UIKit.framework in Frameworks */,
				255F08E1152385AF00478183 /* Foundation.framework in Frameworks */,
				255F08E3152385AF00478183 /* CoreGraphics.framework in Frameworks */,
				255F08E5152385AF00478183 /* CoreData.framework in Frameworks */,
			);
			runOnlyForDeploymentPostprocessing = 0;
		};
/* End PBXFrameworksBuildPhase section */

/* Begin PBXGroup section */
		250969A6152397AF00CA7A28 /* RSSKit */ = {
			isa = PBXGroup;
			children = (
				250969A7152397AF00CA7A28 /* RSS.h */,
				250969A8152397AF00CA7A28 /* RSS.m */,
				250969A9152397AF00CA7A28 /* RSSDefines.h */,
				250969AA152397AF00CA7A28 /* RSSEntry.h */,
				250969AB152397AF00CA7A28 /* RSSEntry.m */,
				250969AC152397AF00CA7A28 /* RSSFeed.h */,
				250969AD152397AF00CA7A28 /* RSSFeed.m */,
				250969AE152397AF00CA7A28 /* RSSKit.h */,
				250969AF152397AF00CA7A28 /* RSSParser.h */,
				250969B0152397AF00CA7A28 /* RSSParser.m */,
			);
			name = RSSKit;
			path = Regis/RSSKit;
			sourceTree = "<group>";
		};
		250969C11523990F00CA7A28 /* Products */ = {
			isa = PBXGroup;
			children = (
				250969CB1523990F00CA7A28 /* libRestKit.a */,
				250969CD1523990F00CA7A28 /* RestKitTests.octest */,
				250969CF1523990F00CA7A28 /* RestKit.framework */,
				250969D11523990F00CA7A28 /* RestKitFrameworkTests.octest */,
			);
			name = Products;
			sourceTree = "<group>";
		};
		255F08CF152385AF00478183 = {
			isa = PBXGroup;
			children = (
				25834AB7152392E200B2331C /* Images */,
				255F08E6152385AF00478183 /* Regis */,
				255F08DD152385AF00478183 /* Frameworks */,
				255F08DB152385AF00478183 /* Products */,
			);
			sourceTree = "<group>";
		};
		255F08DB152385AF00478183 /* Products */ = {
			isa = PBXGroup;
			children = (
				255F08DA152385AF00478183 /* Regis.app */,
			);
			name = Products;
			sourceTree = "<group>";
		};
		255F08DD152385AF00478183 /* Frameworks */ = {
			isa = PBXGroup;
			children = (
				259124F31527D6710059F60A /* Twitter.framework */,
				250969A6152397AF00CA7A28 /* RSSKit */,
				250969C01523990F00CA7A28 /* RestKit.xcodeproj */,
				250969DF15239A6D00CA7A28 /* libxml2.dylib */,
				2515A6871524280B00D39AD4 /* QuartzCore.framework */,
				250969DD15239A6100CA7A28 /* SystemConfiguration.framework */,
				250969DB15239A5800CA7A28 /* Security.framework */,
				250969D915239A5000CA7A28 /* MobileCoreServices.framework */,
				250969D715239A3900CA7A28 /* MapKit.framework */,
				250969D515239A3300CA7A28 /* CFNetwork.framework */,
				255F08DE152385AF00478183 /* UIKit.framework */,
				255F08E0152385AF00478183 /* Foundation.framework */,
				255F08E2152385AF00478183 /* CoreGraphics.framework */,
				255F08E4152385AF00478183 /* CoreData.framework */,
			);
			name = Frameworks;
			sourceTree = "<group>";
		};
		255F08E6152385AF00478183 /* Regis */ = {
			isa = PBXGroup;
			children = (
				2515A684152427C900D39AD4 /* PullRefreshTableViewController.h */,
				2515A685152427C900D39AD4 /* PullRefreshTableViewController.m */,
				25834AFD1523949B00B2331C /* Contact */,
				25834B031523949B00B2331C /* Course */,
				25834B101523949B00B2331C /* Facebook */,
				25834B131523949B00B2331C /* Home */,
				25834B161523949B00B2331C /* Info */,
				25834B191523949B00B2331C /* Map */,
				25834B1C1523949B00B2331C /* News */,
				25834B211523949B00B2331C /* Twitter */,
				25834B241523949B00B2331C /* YouTube */,
				255F08EF152385AF00478183 /* regisAppDelegate.h */,
				255F08F0152385AF00478183 /* regisAppDelegate.m */,
				255F08F2152385AF00478183 /* Regis.xcdatamodeld */,
				255F08E7152385AF00478183 /* Supporting Files */,
			);
			path = Regis;
			sourceTree = "<group>";
		};
		255F08E7152385AF00478183 /* Supporting Files */ = {
			isa = PBXGroup;
			children = (
				250969BE152398F300CA7A28 /* README.md */,
				250969BA1523983100CA7A28 /* RegisApplication.h */,
				25834B37152394FA00B2331C /* MainStoryboard.storyboard */,
				255F08E8152385AF00478183 /* Regis-Info.plist */,
				255F08E9152385AF00478183 /* InfoPlist.strings */,
				255F08EC152385AF00478183 /* main.m */,
				255F08EE152385AF00478183 /* Regis-Prefix.pch */,
			);
			name = "Supporting Files";
			sourceTree = "<group>";
		};
		25834AB7152392E200B2331C /* Images */ = {
			isa = PBXGroup;
			children = (
				253DD5A31527CED80002940E /* arrow_circle.png */,
				253DD5A41527CED90002940E /* arrow_circle@2x.png */,
				25834AB8152392E200B2331C /* address_book.png */,
				25834AB9152392E200B2331C /* arrow.png */,
				25834ABA152392E200B2331C /* arrow@2x.png */,
				25834ABB152392E200B2331C /* arrow_back.png */,
				25834ABC152392E200B2331C /* arrow_back@2x.png */,
				25834ABD152392E200B2331C /* arrow_forward.png */,
				25834ABE152392E200B2331C /* arrow_forward@2x.png */,
				25834ABF152392E200B2331C /* arrow_left_48.png */,
				25834AC0152392E200B2331C /* course.png */,
				25834AC1152392E200B2331C /* Default.png */,
				25834AC2152392E200B2331C /* Default@2x.png */,
				25834AC3152392E200B2331C /* facebook.png */,
				25834AC4152392E200B2331C /* folder.png */,
				25834AC5152392E200B2331C /* folder@2x.png */,
				25834AC6152392E200B2331C /* globe.png */,
				25834AC7152392E200B2331C /* globe@2x.png */,
				25834AC8152392E200B2331C /* home.png */,
				25834AC9152392E200B2331C /* home@2x.png */,
				25834ACA152392E200B2331C /* laptop.png */,
				25834ACB152392E200B2331C /* laptop@2x.png */,
				25834ACC152392E200B2331C /* man.png */,
				25834ACD152392E200B2331C /* man@2x.png */,
				25834ACE152392E200B2331C /* map.png */,
				25834ACF152392E200B2331C /* news.png */,
				25834AD0152392E200B2331C /* regis_ipad.png */,
				25834AD1152392E200B2331C /* regis_iphone_high.png */,
				25834AD2152392E200B2331C /* regis_iphone_low.png */,
				25834AD3152392E200B2331C /* rest_test.png */,
				25834AD4152392E200B2331C /* rss.png */,
				25834AD5152392E200B2331C /* rss@2x.png */,
				25834AD6152392E200B2331C /* seal.png */,
				25834AD7152392E200B2331C /* seal@2x.png */,
				25834AD8152392E200B2331C /* twitter.png */,
				25834AD9152392E200B2331C /* youtube.png */,
			);
			path = Images;
			sourceTree = "<group>";
		};
		25834AFD1523949B00B2331C /* Contact */ = {
			isa = PBXGroup;
			children = (
				25834AFE1523949B00B2331C /* DetailedFacultyViewController.h */,
				25834AFF1523949B00B2331C /* DetailedFacultyViewController.m */,
				25834B001523949B00B2331C /* Faculty.h */,
				250969B81523981400CA7A28 /* Faculty.m */,
				25834B011523949B00B2331C /* FacultyViewController.h */,
				25834B021523949B00B2331C /* FacultyViewController.m */,
			);
			path = Contact;
			sourceTree = "<group>";
		};
		25834B031523949B00B2331C /* Course */ = {
			isa = PBXGroup;
			children = (
				250969BB1523985100CA7A28 /* Course.h */,
				250969BC1523985100CA7A28 /* Course.m */,
				25834B041523949B00B2331C /* CoursesViewController.h */,
				25834B051523949B00B2331C /* CoursesViewController.m */,
				25834B061523949B00B2331C /* DegreesViewController.h */,
				25834B071523949B00B2331C /* DegreesViewController.m */,
				25834B081523949B00B2331C /* DetailViewController.h */,
				25834B091523949B00B2331C /* DetailViewController.m */,
				25834B0A1523949B00B2331C /* ProgramViewController.h */,
				25834B0B1523949B00B2331C /* ProgramViewController.m */,
				250969E115239C3100CA7A28 /* School.h */,
				250969E215239C3100CA7A28 /* School.m */,
				25834B0C1523949B00B2331C /* SchoolViewController.h */,
				25834B0D1523949B00B2331C /* SchoolViewController.m */,
				25834B0E1523949B00B2331C /* TermsViewController.h */,
				25834B0F1523949B00B2331C /* TermsViewController.m */,
			);
			path = Course;
			sourceTree = "<group>";
		};
		25834B101523949B00B2331C /* Facebook */ = {
			isa = PBXGroup;
			children = (
				25834B111523949B00B2331C /* FacebookViewController.h */,
				25834B121523949B00B2331C /* FacebookViewController.m */,
			);
			path = Facebook;
			sourceTree = "<group>";
		};
		25834B131523949B00B2331C /* Home */ = {
			isa = PBXGroup;
			children = (
				25834B141523949B00B2331C /* HomeViewController.h */,
				25834B151523949B00B2331C /* HomeViewController.m */,
			);
			path = Home;
			sourceTree = "<group>";
		};
		25834B161523949B00B2331C /* Info */ = {
			isa = PBXGroup;
			children = (
				25834B171523949B00B2331C /* InfoViewController.h */,
				25834B181523949B00B2331C /* InfoViewController.m */,
			);
			path = Info;
			sourceTree = "<group>";
		};
		25834B191523949B00B2331C /* Map */ = {
			isa = PBXGroup;
			children = (
				250969B5152397E100CA7A28 /* Annotations.h */,
				250969B6152397E100CA7A28 /* Annotations.m */,
				25834B1A1523949B00B2331C /* MapViewController.h */,
				25834B1B1523949B00B2331C /* MapViewController.m */,
			);
			path = Map;
			sourceTree = "<group>";
		};
		25834B1C1523949B00B2331C /* News */ = {
			isa = PBXGroup;
			children = (
				25834B1D1523949B00B2331C /* NewsDetailViewController.h */,
				25834B1E1523949B00B2331C /* NewsDetailViewController.m */,
				25834B1F1523949B00B2331C /* NewsViewController.h */,
				25834B201523949B00B2331C /* NewsViewController.m */,
			);
			path = News;
			sourceTree = "<group>";
		};
		25834B211523949B00B2331C /* Twitter */ = {
			isa = PBXGroup;
			children = (
				25834B221523949B00B2331C /* TwitterViewController.h */,
				25834B231523949B00B2331C /* TwitterViewController.m */,
			);
			path = Twitter;
			sourceTree = "<group>";
		};
		25834B241523949B00B2331C /* YouTube */ = {
			isa = PBXGroup;
			children = (
				25834B251523949B00B2331C /* YouTubeViewController.h */,
				25834B261523949B00B2331C /* YouTubeViewController.m */,
			);
			path = YouTube;
			sourceTree = "<group>";
		};
/* End PBXGroup section */

/* Begin PBXNativeTarget section */
		255F08D9152385AF00478183 /* Regis */ = {
			isa = PBXNativeTarget;
			buildConfigurationList = 255F08F7152385AF00478183 /* Build configuration list for PBXNativeTarget "Regis" */;
			buildPhases = (
				255F08D6152385AF00478183 /* Sources */,
				255F08D7152385AF00478183 /* Frameworks */,
				255F08D8152385AF00478183 /* Resources */,
			);
			buildRules = (
			);
			dependencies = (
				25ED6A3E1523A0B90000C755 /* PBXTargetDependency */,
			);
			name = Regis;
			productName = Regis;
			productReference = 255F08DA152385AF00478183 /* Regis.app */;
			productType = "com.apple.product-type.application";
		};
/* End PBXNativeTarget section */

/* Begin PBXProject section */
		255F08D1152385AF00478183 /* Project object */ = {
			isa = PBXProject;
			attributes = {
				LastUpgradeCheck = 0420;
			};
			buildConfigurationList = 255F08D4152385AF00478183 /* Build configuration list for PBXProject "Regis" */;
			compatibilityVersion = "Xcode 3.2";
			developmentRegion = English;
			hasScannedForEncodings = 0;
			knownRegions = (
				en,
			);
			mainGroup = 255F08CF152385AF00478183;
			productRefGroup = 255F08DB152385AF00478183 /* Products */;
			projectDirPath = "";
			projectReferences = (
				{
					ProductGroup = 250969C11523990F00CA7A28 /* Products */;
					ProjectRef = 250969C01523990F00CA7A28 /* RestKit.xcodeproj */;
				},
			);
			projectRoot = "";
			targets = (
				255F08D9152385AF00478183 /* Regis */,
			);
		};
/* End PBXProject section */

/* Begin PBXReferenceProxy section */
		250969CB1523990F00CA7A28 /* libRestKit.a */ = {
			isa = PBXReferenceProxy;
			fileType = archive.ar;
			path = libRestKit.a;
			remoteRef = 250969CA1523990F00CA7A28 /* PBXContainerItemProxy */;
			sourceTree = BUILT_PRODUCTS_DIR;
		};
		250969CD1523990F00CA7A28 /* RestKitTests.octest */ = {
			isa = PBXReferenceProxy;
			fileType = wrapper.cfbundle;
			path = RestKitTests.octest;
			remoteRef = 250969CC1523990F00CA7A28 /* PBXContainerItemProxy */;
			sourceTree = BUILT_PRODUCTS_DIR;
		};
		250969CF1523990F00CA7A28 /* RestKit.framework */ = {
			isa = PBXReferenceProxy;
			fileType = wrapper.framework;
			path = RestKit.framework;
			remoteRef = 250969CE1523990F00CA7A28 /* PBXContainerItemProxy */;
			sourceTree = BUILT_PRODUCTS_DIR;
		};
		250969D11523990F00CA7A28 /* RestKitFrameworkTests.octest */ = {
			isa = PBXReferenceProxy;
			fileType = wrapper.cfbundle;
			path = RestKitFrameworkTests.octest;
			remoteRef = 250969D01523990F00CA7A28 /* PBXContainerItemProxy */;
			sourceTree = BUILT_PRODUCTS_DIR;
		};
/* End PBXReferenceProxy section */

/* Begin PBXResourcesBuildPhase section */
		255F08D8152385AF00478183 /* Resources */ = {
			isa = PBXResourcesBuildPhase;
			buildActionMask = 2147483647;
			files = (
				255F08EB152385AF00478183 /* InfoPlist.strings in Resources */,
				25834ADA152392E200B2331C /* address_book.png in Resources */,
				25834ADB152392E200B2331C /* arrow.png in Resources */,
				25834ADC152392E200B2331C /* arrow@2x.png in Resources */,
				25834ADD152392E200B2331C /* arrow_back.png in Resources */,
				25834ADE152392E200B2331C /* arrow_back@2x.png in Resources */,
				25834ADF152392E200B2331C /* arrow_forward.png in Resources */,
				25834AE0152392E200B2331C /* arrow_forward@2x.png in Resources */,
				25834AE1152392E200B2331C /* arrow_left_48.png in Resources */,
				25834AE2152392E200B2331C /* course.png in Resources */,
				25834AE3152392E200B2331C /* Default.png in Resources */,
				25834AE4152392E200B2331C /* Default@2x.png in Resources */,
				25834AE5152392E200B2331C /* facebook.png in Resources */,
				25834AE6152392E200B2331C /* folder.png in Resources */,
				25834AE7152392E200B2331C /* folder@2x.png in Resources */,
				25834AE8152392E200B2331C /* globe.png in Resources */,
				25834AE9152392E200B2331C /* globe@2x.png in Resources */,
				25834AEA152392E200B2331C /* home.png in Resources */,
				25834AEB152392E200B2331C /* home@2x.png in Resources */,
				25834AEC152392E200B2331C /* laptop.png in Resources */,
				25834AED152392E200B2331C /* laptop@2x.png in Resources */,
				25834AEE152392E200B2331C /* man.png in Resources */,
				25834AEF152392E200B2331C /* man@2x.png in Resources */,
				25834AF0152392E200B2331C /* map.png in Resources */,
				25834AF1152392E200B2331C /* news.png in Resources */,
				25834AF2152392E200B2331C /* regis_ipad.png in Resources */,
				25834AF3152392E200B2331C /* regis_iphone_high.png in Resources */,
				25834AF4152392E200B2331C /* regis_iphone_low.png in Resources */,
				25834AF5152392E200B2331C /* rest_test.png in Resources */,
				25834AF6152392E200B2331C /* rss.png in Resources */,
				25834AF7152392E200B2331C /* rss@2x.png in Resources */,
				25834AF8152392E200B2331C /* seal.png in Resources */,
				25834AF9152392E200B2331C /* seal@2x.png in Resources */,
				25834AFA152392E200B2331C /* twitter.png in Resources */,
				25834AFB152392E200B2331C /* youtube.png in Resources */,
				25834B38152394FA00B2331C /* MainStoryboard.storyboard in Resources */,
				250969BF152398F300CA7A28 /* README.md in Resources */,
				253DD5A51527CEDA0002940E /* arrow_circle.png in Resources */,
				253DD5A61527CEDA0002940E /* arrow_circle@2x.png in Resources */,
			);
			runOnlyForDeploymentPostprocessing = 0;
		};
/* End PBXResourcesBuildPhase section */

/* Begin PBXSourcesBuildPhase section */
		255F08D6152385AF00478183 /* Sources */ = {
			isa = PBXSourcesBuildPhase;
			buildActionMask = 2147483647;
			files = (
				255F08ED152385AF00478183 /* main.m in Sources */,
				255F08F1152385AF00478183 /* regisAppDelegate.m in Sources */,
				255F08F4152385AF00478183 /* Regis.xcdatamodeld in Sources */,
				25834B271523949B00B2331C /* DetailedFacultyViewController.m in Sources */,
				25834B281523949B00B2331C /* FacultyViewController.m in Sources */,
				25834B291523949B00B2331C /* CoursesViewController.m in Sources */,
				25834B2A1523949B00B2331C /* DegreesViewController.m in Sources */,
				25834B2B1523949B00B2331C /* DetailViewController.m in Sources */,
				25834B2C1523949B00B2331C /* ProgramViewController.m in Sources */,
				25834B2D1523949B00B2331C /* SchoolViewController.m in Sources */,
				25834B2E1523949B00B2331C /* TermsViewController.m in Sources */,
				25834B2F1523949B00B2331C /* FacebookViewController.m in Sources */,
				25834B301523949B00B2331C /* HomeViewController.m in Sources */,
				25834B311523949B00B2331C /* InfoViewController.m in Sources */,
				25834B321523949B00B2331C /* MapViewController.m in Sources */,
				25834B331523949B00B2331C /* NewsDetailViewController.m in Sources */,
				25834B341523949B00B2331C /* NewsViewController.m in Sources */,
				25834B351523949B00B2331C /* TwitterViewController.m in Sources */,
				25834B361523949B00B2331C /* YouTubeViewController.m in Sources */,
				250969B1152397AF00CA7A28 /* RSS.m in Sources */,
				250969B2152397AF00CA7A28 /* RSSEntry.m in Sources */,
				250969B3152397AF00CA7A28 /* RSSFeed.m in Sources */,
				250969B4152397AF00CA7A28 /* RSSParser.m in Sources */,
				250969B7152397E100CA7A28 /* Annotations.m in Sources */,
				250969B91523981400CA7A28 /* Faculty.m in Sources */,
				250969BD1523985100CA7A28 /* Course.m in Sources */,
				250969E315239C3100CA7A28 /* School.m in Sources */,
				2515A686152427C900D39AD4 /* PullRefreshTableViewController.m in Sources */,
			);
			runOnlyForDeploymentPostprocessing = 0;
		};
/* End PBXSourcesBuildPhase section */

/* Begin PBXTargetDependency section */
		25ED6A3E1523A0B90000C755 /* PBXTargetDependency */ = {
			isa = PBXTargetDependency;
			name = RestKit;
			targetProxy = 25ED6A3D1523A0B90000C755 /* PBXContainerItemProxy */;
		};
/* End PBXTargetDependency section */

/* Begin PBXVariantGroup section */
		255F08E9152385AF00478183 /* InfoPlist.strings */ = {
			isa = PBXVariantGroup;
			children = (
				255F08EA152385AF00478183 /* en */,
			);
			name = InfoPlist.strings;
			sourceTree = "<group>";
		};
/* End PBXVariantGroup section */

/* Begin XCBuildConfiguration section */
		255F08F5152385AF00478183 /* Debug */ = {
			isa = XCBuildConfiguration;
			buildSettings = {
				ALWAYS_SEARCH_USER_PATHS = NO;
				ARCHS = "$(ARCHS_STANDARD_32_BIT)";
				CLANG_ENABLE_OBJC_ARC = YES;
				"CODE_SIGN_IDENTITY[sdk=iphoneos*]" = "iPhone Developer";
				COPY_PHASE_STRIP = NO;
				GCC_C_LANGUAGE_STANDARD = gnu99;
				GCC_DYNAMIC_NO_PIC = NO;
				GCC_OPTIMIZATION_LEVEL = 0;
				GCC_PREPROCESSOR_DEFINITIONS = (
					"DEBUG=1",
					"$(inherited)",
				);
				GCC_SYMBOLS_PRIVATE_EXTERN = NO;
				GCC_VERSION = com.apple.compilers.llvm.clang.1_0;
				GCC_WARN_ABOUT_MISSING_PROTOTYPES = YES;
				GCC_WARN_ABOUT_RETURN_TYPE = YES;
				GCC_WARN_UNUSED_VARIABLE = YES;
				IPHONEOS_DEPLOYMENT_TARGET = 5.1;
				SDKROOT = iphoneos;
				TARGETED_DEVICE_FAMILY = "1,2";
			};
			name = Debug;
		};
		255F08F6152385AF00478183 /* Release */ = {
			isa = XCBuildConfiguration;
			buildSettings = {
				ALWAYS_SEARCH_USER_PATHS = NO;
				ARCHS = "$(ARCHS_STANDARD_32_BIT)";
				CLANG_ENABLE_OBJC_ARC = YES;
				"CODE_SIGN_IDENTITY[sdk=iphoneos*]" = "iPhone Developer";
				COPY_PHASE_STRIP = YES;
				GCC_C_LANGUAGE_STANDARD = gnu99;
				GCC_VERSION = com.apple.compilers.llvm.clang.1_0;
				GCC_WARN_ABOUT_MISSING_PROTOTYPES = YES;
				GCC_WARN_ABOUT_RETURN_TYPE = YES;
				GCC_WARN_UNUSED_VARIABLE = YES;
				IPHONEOS_DEPLOYMENT_TARGET = 5.1;
				OTHER_CFLAGS = "-DNS_BLOCK_ASSERTIONS=1";
				SDKROOT = iphoneos;
				TARGETED_DEVICE_FAMILY = "1,2";
				VALIDATE_PRODUCT = YES;
			};
			name = Release;
		};
		255F08F8152385AF00478183 /* Debug */ = {
			isa = XCBuildConfiguration;
			buildSettings = {
				GCC_PRECOMPILE_PREFIX_HEADER = YES;
				GCC_PREFIX_HEADER = "Regis/Regis-Prefix.pch";
				HEADER_SEARCH_PATHS = "\"$(SOURCE_ROOT)/RestKit/Build\"/**";
				INFOPLIST_FILE = "Regis/Regis-Info.plist";
				OTHER_LDFLAGS = (
					"-all_load",
					"-ObjC",
				);
				PRODUCT_NAME = "$(TARGET_NAME)";
				WRAPPER_EXTENSION = app;
			};
			name = Debug;
		};
		255F08F9152385AF00478183 /* Release */ = {
			isa = XCBuildConfiguration;
			buildSettings = {
				GCC_PRECOMPILE_PREFIX_HEADER = YES;
				GCC_PREFIX_HEADER = "Regis/Regis-Prefix.pch";
				HEADER_SEARCH_PATHS = "\"$(SOURCE_ROOT)/RestKit/Build\"/**";
				INFOPLIST_FILE = "Regis/Regis-Info.plist";
				OTHER_LDFLAGS = (
					"-all_load",
					"-ObjC",
				);
				PRODUCT_NAME = "$(TARGET_NAME)";
				WRAPPER_EXTENSION = app;
			};
			name = Release;
		};
/* End XCBuildConfiguration section */

/* Begin XCConfigurationList section */
		255F08D4152385AF00478183 /* Build configuration list for PBXProject "Regis" */ = {
			isa = XCConfigurationList;
			buildConfigurations = (
				255F08F5152385AF00478183 /* Debug */,
				255F08F6152385AF00478183 /* Release */,
			);
			defaultConfigurationIsVisible = 0;
			defaultConfigurationName = Release;
		};
		255F08F7152385AF00478183 /* Build configuration list for PBXNativeTarget "Regis" */ = {
			isa = XCConfigurationList;
			buildConfigurations = (
				255F08F8152385AF00478183 /* Debug */,
				255F08F9152385AF00478183 /* Release */,
			);
			defaultConfigurationIsVisible = 0;
			defaultConfigurationName = Release;
		};
/* End XCConfigurationList section */

/* Begin XCVersionGroup section */
		255F08F2152385AF00478183 /* Regis.xcdatamodeld */ = {
			isa = XCVersionGroup;
			children = (
				255F08F3152385AF00478183 /* Regis.xcdatamodel */,
			);
			currentVersion = 255F08F3152385AF00478183 /* Regis.xcdatamodel */;
			path = Regis.xcdatamodeld;
			sourceTree = "<group>";
			versionGroupType = wrapper.xcdatamodel;
		};
/* End XCVersionGroup section */
	};
	rootObject = 255F08D1152385AF00478183 /* Project object */;
}
